
Microsoft Visual Studio Solution File, Format Version 12.00
# Visual Studio Version 17
VisualStudioVersion = 17.8.34322.80
MinimumVisualStudioVersion = 10.0.40219.1
Project("{FAE04EC0-301F-11D3-BF4B-00C04F79EFBC}") = "api_vivaviatravel2.0", "api_vivaviatravel2.0\api_vivaviatravel2.0.csproj", "{FCD98639-BC29-4F17-B4B4-F299655AA398}"
EndProject
Global
	GlobalSection(SolutionConfigurationPlatforms) = preSolution
		Debug|Any CPU = Debug|Any CPU
		Release|Any CPU = Release|Any CPU
	EndGlobalSection
	GlobalSection(ProjectConfigurationPlatforms) = postSolution
		{FCD98639-BC29-4F17-B4B4-F299655AA398}.Debug|Any CPU.ActiveCfg = Debug|Any CPU
		{FCD98639-BC29-4F17-B4B4-F299655AA398}.Debug|Any CPU.Build.0 = Debug|Any CPU
		{FCD98639-BC29-4F17-B4B4-F299655AA398}.Release|Any CPU.ActiveCfg = Release|Any CPU
		{FCD98639-BC29-4F17-B4B4-F299655AA398}.Release|Any CPU.Build.0 = Release|Any CPU
	EndGlobalSection
	GlobalSection(SolutionProperties) = preSolution
		HideSolutionNode = FALSE
	EndGlobalSection
	GlobalSection(ExtensibilityGlobals) = postSolution
		SolutionGuid = {2B3EDFD1-770E-487C-BD6D-19CBE18FACA2}
	EndGlobalSection
EndGlobal
